
Microsoft Visual Studio Solution File, Format Version 12.00
# Visual Studio Version 16
VisualStudioVersion = 16.0.31205.134
MinimumVisualStudioVersion = 10.0.40219.1
Project("{FAE04EC0-301F-11D3-BF4B-00C04F79EFBC}") = "TicTacToeGame", "TicTacToeGame\TicTacToeGame.csproj", "{9AF98C22-54B0-4B81-96D9-9C87138A5967}"
EndProject
Global
	GlobalSection(SolutionConfigurationPlatforms) = preSolution
		Debug|Any CPU = Debug|Any CPU
		Release|Any CPU = Release|Any CPU
	EndGlobalSection
	GlobalSection(ProjectConfigurationPlatforms) = postSolution
		{9AF98C22-54B0-4B81-96D9-9C87138A5967}.Debug|Any CPU.ActiveCfg = Debug|Any CPU
		{9AF98C22-54B0-4B81-96D9-9C87138A5967}.Debug|Any CPU.Build.0 = Debug|Any CPU
		{9AF98C22-54B0-4B81-96D9-9C87138A5967}.Release|Any CPU.ActiveCfg = Release|Any CPU
		{9AF98C22-54B0-4B81-96D9-9C87138A5967}.Release|Any CPU.Build.0 = Release|Any CPU
	EndGlobalSection
	GlobalSection(SolutionProperties) = preSolution
		HideSolutionNode = FALSE
	EndGlobalSection
	GlobalSection(ExtensibilityGlobals) = postSolution
		SolutionGuid = {A30386C6-832A-4D72-8E41-FAF80F381845}
	EndGlobalSection
EndGlobal
